
Microsoft Visual Studio Solution File, Format Version 12.00
# Visual Studio Version 17
VisualStudioVersion = 17.9.34622.214
MinimumVisualStudioVersion = 10.0.40219.1
Project("{FAE04EC0-301F-11D3-BF4B-00C04F79EFBC}") = "MvcCoreElastiCacheAWS", "MvcCoreElastiCacheAWS\MvcCoreElastiCacheAWS.csproj", "{E736A0BA-4DD9-48B5-9094-D478026E7A27}"
EndProject
Global
	GlobalSection(SolutionConfigurationPlatforms) = preSolution
		Debug|Any CPU = Debug|Any CPU
		Release|Any CPU = Release|Any CPU
	EndGlobalSection
	GlobalSection(ProjectConfigurationPlatforms) = postSolution
		{E736A0BA-4DD9-48B5-9094-D478026E7A27}.Debug|Any CPU.ActiveCfg = Debug|Any CPU
		{E736A0BA-4DD9-48B5-9094-D478026E7A27}.Debug|Any CPU.Build.0 = Debug|Any CPU
		{E736A0BA-4DD9-48B5-9094-D478026E7A27}.Release|Any CPU.ActiveCfg = Release|Any CPU
		{E736A0BA-4DD9-48B5-9094-D478026E7A27}.Release|Any CPU.Build.0 = Release|Any CPU
	EndGlobalSection
	GlobalSection(SolutionProperties) = preSolution
		HideSolutionNode = FALSE
	EndGlobalSection
	GlobalSection(ExtensibilityGlobals) = postSolution
		SolutionGuid = {2F98F299-C490-4E47-97FE-9CC5294FDDE5}
	EndGlobalSection
EndGlobal
